version = 1
revision = 3
requires-python = ">=3.12"

[manifest]
members = [
    "trunnel-cli",
    "trunnel-infra",
]

[manifest.dependency-groups]
dev = [
    { name = "boto3-stubs", extras = ["ec2", "rds", "resourcegroupstaggingapi"], specifier = ">=1.34.0" },
    { name = "pytest", specifier = ">=8.0.0" },
    { name = "pytest-mock", specifier = ">=3.14.0" },
    { name = "ruff", specifier = ">=0.6.0" },
    { name = "ty", specifier = ">=0.0.18" },
]

[[package]]
name = "attrs"
version = "25.4.0"
source = { registry = "https://pypi.org/simple" }
sdist = { url = "https://files.pythonhosted.org/packages/6b/5c/685e6633917e101e5dcb62b9dd76946cbb57c26e133bae9e0cd36033c0a9/attrs-25.4.0.tar.gz", hash = "sha256:16d5969b87f0859ef33a48b35d55ac1be6e42ae49d5e853b597db70c35c57e11", size = 934251, upload-time = "2025-10-06T13:54:44.725Z" }
wheels = [
    { url = "https://files.pythonhosted.org/packages/3a/2a/7cc015f5b9f5db42b7d48157e23356022889fc354a2813c15934b7cb5c0e/attrs-25.4.0-py3-none-any.whl", hash = "sha256:adcf7e2a1fb3b36ac48d97835bb6d8ade15b8dcce26aba8bf1d14847b57a3373", size = 67615, upload-time = "2025-10-06T13:54:43.17Z" },
]

[[package]]
name = "aws-cdk-asset-awscli-v1"
version = "2.2.263"
source = { registry = "https://pypi.org/simple" }
dependencies = [
    { name = "jsii" },
    { name = "publication" },
    { name = "typeguard" },
]
sdist = { url = "https://files.pythonhosted.org/packages/ad/03/1bf33967bf1e2a196907266152743ec2dff96b842176084646f910dae732/aws_cdk_asset_awscli_v1-2.2.263.tar.gz", hash = "sha256:657605260ace055fac4ae30a6fb84a80504a6e24ce0b1d278913d4db4bafa266", size = 20229495, upload-time = "2026-01-19T17:25:28.242Z" }
wheels = [
    { url = "https://files.pythonhosted.org/packages/29/af/02481a85fdd0b8a2a1fd9b84925591e1113a7a61b014dabe9d3f92dd6a67/aws_cdk_asset_awscli_v1-2.2.263-py3-none-any.whl", hash = "sha256:185150757d4216ea982d7b35596de5b3d767776be00cd78cacce02eaa08f8851", size = 20227990, upload-time = "2026-01-19T17:25:25.692Z" },
]

[[package]]
name = "aws-cdk-asset-node-proxy-agent-v6"
version = "2.1.0"
source = { registry = "https://pypi.org/simple" }
dependencies = [
    { name = "jsii" },
    { name = "publication" },
    { name = "typeguard" },
]
sdist = { url = "https://files.pythonhosted.org/packages/d5/ab/09ac3ecc0067988d02398328e088d66cbe8555c991563c8ddfa1db5296ae/aws_cdk_asset_node_proxy_agent_v6-2.1.0.tar.gz", hash = "sha256:1f292c0631f86708ba4ee328b3a2b229f7e46ea1c79fbde567ee9eb119c2b0e2", size = 1540231, upload-time = "2024-09-03T09:36:51.634Z" }
wheels = [
    { url = "https://files.pythonhosted.org/packages/8d/86/1817a6da223aa80aeb94a504f07f930170284694b18f6053729e9930cc6a/aws_cdk.asset_node_proxy_agent_v6-2.1.0-py3-none-any.whl", hash = "sha256:24a388b69a44d03bae6dbf864c4e25ba650d4b61c008b4568b94ffbb9a69e40e", size = 1538724, upload-time = "2024-09-03T09:36:49.8Z" },
]

[[package]]
name = "aws-cdk-cloud-assembly-schema"
version = "50.4.0"
source = { registry = "https://pypi.org/simple" }
dependencies = [
    { name = "jsii" },
    { name = "publication" },
    { name = "typeguard" },
]
sdist = { url = "https://files.pythonhosted.org/packages/f8/4c/a9ac7498f2b76d7697e60367b9a8c690fc54bb3bf4e591e6fe06977c847b/aws_cdk_cloud_assembly_schema-50.4.0.tar.gz", hash = "sha256:c9aa7a108ca63f3880f26594166d3e8c16b504a50424011baf785231dc009f30", size = 208573, upload-time = "2026-02-05T16:37:54.61Z" }
wheels = [
    { url = "https://files.pythonhosted.org/packages/50/37/946c9646606cf9dffa5d15a860557c9d507655c97fb2525bb8bd0c215179/aws_cdk_cloud_assembly_schema-50.4.0-py3-none-any.whl", hash = "sha256:3f98f06d99f68f5bae5c72f0f392494dd3ef4211197afd0e75cfe1d5fc487d1c", size = 208231, upload-time = "2026-02-05T16:37:52.037Z" },
]

[[package]]
name = "aws-cdk-lib"
version = "2.240.0"
source = { registry = "https://pypi.org/simple" }
dependencies = [
    { name = "aws-cdk-asset-awscli-v1" },
    { name = "aws-cdk-asset-node-proxy-agent-v6" },
    { name = "aws-cdk-cloud-assembly-schema" },
    { name = "constructs" },
    { name = "jsii" },
    { name = "publication" },
    { name = "typeguard" },
]
sdist = { url = "https://files.pythonhosted.org/packages/97/c3/56cb53689bdaa5e4359cc76c5b3356be21d974486324a0091a32c59c3682/aws_cdk_lib-2.240.0.tar.gz", hash = "sha256:096fcb3efd41ba30cdcee0c97a54537f6cb3ab9e53a1f0ed68981a8b86860784", size = 47956951, upload-time = "2026-02-23T21:31:34.799Z" }
wheels = [
    { url = "https://files.pythonhosted.org/packages/2e/7c/0fdc9ffd4a516a62f0313ecb0abb0f2b1e58f3e5c409254ecefea571749f/aws_cdk_lib-2.240.0-py3-none-any.whl", hash = "sha256:6ba3343885e0ad10cb38981ea4f7e6c721253519d2601af9d6784bb5787d1292", size = 48608831, upload-time = "2026-02-23T21:30:54.727Z" },
]

[[package]]
name = "boto3"
version = "1.42.56"
source = { registry = "https://pypi.org/simple" }
dependencies = [
    { name = "botocore" },
    { name = "jmespath" },
    { name = "s3transfer" },
]
sdist = { url = "https://files.pythonhosted.org/packages/fe/dc/990222f8c0cd7453c03410bc8b367ccb35ae01d9642ff1f79231cd3f3d8f/boto3-1.42.56.tar.gz", hash = "sha256:8b0779431b349582f4d61b55a2858b943d5295f4b5de62e2d669fdbbcda96bd6", size = 112814, upload-time = "2026-02-24T20:28:51.825Z" }
wheels = [
    { url = "https://files.pythonhosted.org/packages/59/bb/a7fd6f4f38cf0f6cd91c152442cbe5b5f270275a60a5c7147ae5560f2f25/boto3-1.42.56-py3-none-any.whl", hash = "sha256:e09f91170b19e0ecd5e514321d99323be3e91a58dfa73fd58cf73b7b8b179c84", size = 140556, upload-time = "2026-02-24T20:28:49.815Z" },
]

[[package]]
name = "boto3-stubs"
version = "1.42.56"
source = { registry = "https://pypi.org/simple" }
dependencies = [
    { name = "botocore-stubs" },
    { name = "types-s3transfer" },
]
sdist = { url = "https://files.pythonhosted.org/packages/3d/a1/23cdd844dc940ef9c77ee1fc95cbf4c0a3f4ee53ecb3c2bbf7ba9932d2f7/boto3_stubs-1.42.56.tar.gz", hash = "sha256:95e4eab435b1b8e05e0d977c76f706efcded2b9a375cbc45b031c7458d100b25", size = 100972, upload-time = "2026-02-24T21:06:18.112Z" }
wheels = [
    { url = "https://files.pythonhosted.org/packages/de/e2/a47ab38dbc20bf241af2d9dad7b6c517794df3a54a586abb00678a5eacff/boto3_stubs-1.42.56-py3-none-any.whl", hash = "sha256:824d229b2d87cac1a714472d88c13631df5cb4e1ef3bc3167cac635084ca5b57", size = 69824, upload-time = "2026-02-24T21:06:09.403Z" },
]

[package.optional-dependencies]
ec2 = [
    { name = "mypy-boto3-ec2" },
]
rds = [
    { name = "mypy-boto3-rds" },
]
resourcegroupstaggingapi = [
    { name = "mypy-boto3-resourcegroupstaggingapi" },
]

[[package]]
name = "botocore"
version = "1.42.56"
source = { registry = "https://pypi.org/simple" }
dependencies = [
    { name = "jmespath" },
    { name = "python-dateutil" },
    { name = "urllib3" },
]
sdist = { url = "https://files.pythonhosted.org/packages/b8/2f/f6351cca2e3a087fb82a5c19e4d60e93a5dae27e9a085cc5fcb7faca8bd4/botocore-1.42.56.tar.gz", hash = "sha256:b1d7d3cf2fbe4cc1804a6567a051fc7141d21bcdcfde0336257b8dd2085272c2", size = 14939515, upload-time = "2026-02-24T20:28:40.55Z" }
wheels = [
    { url = "https://files.pythonhosted.org/packages/5a/09/dcc3f79de57f684d844ca853eeebff1786e5d672cf600f8ee6a118a9f015/botocore-1.42.56-py3-none-any.whl", hash = "sha256:111089dea212438a5197e909e5b528e7c30fd8cbd02c8c7d469359b368929343", size = 14612466, upload-time = "2026-02-24T20:28:36.379Z" },
]

[[package]]
name = "botocore-stubs"
version = "1.42.41"
source = { registry = "https://pypi.org/simple" }
dependencies = [
    { name = "types-awscrt" },
]
sdist = { url = "https://files.pythonhosted.org/packages/0c/a8/a26608ff39e3a5866c6c79eda10133490205cbddd45074190becece3ff2a/botocore_stubs-1.42.41.tar.gz", hash = "sha256:dbeac2f744df6b814ce83ec3f3777b299a015cbea57a2efc41c33b8c38265825", size = 42411, upload-time = "2026-02-03T20:46:14.479Z" }
wheels = [
    { url = "https://files.pythonhosted.org/packages/32/76/cab7af7f16c0b09347f2ebe7ffda7101132f786acb767666dce43055faab/botocore_stubs-1.42.41-py3-none-any.whl", hash = "sha256:9423110fb0e391834bd2ed44ae5f879d8cb370a444703d966d30842ce2bcb5f0", size = 66759, upload-time = "2026-02-03T20:46:13.02Z" },
]

[[package]]
name = "cattrs"
version = "25.3.0"
source = { registry = "https://pypi.org/simple" }
dependencies = [
    { name = "attrs" },
    { name = "typing-extensions" },
]
sdist = { url = "https://files.pythonhosted.org/packages/6e/00/2432bb2d445b39b5407f0a90e01b9a271475eea7caf913d7a86bcb956385/cattrs-25.3.0.tar.gz", hash = "sha256:1ac88d9e5eda10436c4517e390a4142d88638fe682c436c93db7ce4a277b884a", size = 509321, upload-time = "2025-10-07T12:26:08.737Z" }
wheels = [
    { url = "https://files.pythonhosted.org/packages/d8/2b/a40e1488fdfa02d3f9a653a61a5935ea08b3c2225ee818db6a76c7ba9695/cattrs-25.3.0-py3-none-any.whl", hash = "sha256:9896e84e0a5bf723bc7b4b68f4481785367ce07a8a02e7e9ee6eb2819bc306ff", size = 70738, upload-time = "2025-10-07T12:26:06.603Z" },
]

[[package]]
name = "click"
version = "8.3.1"
source = { registry = "https://pypi.org/simple" }
dependencies = [
    { name = "colorama", marker = "sys_platform == 'win32'" },
]
sdist = { url = "https://files.pythonhosted.org/packages/3d/fa/656b739db8587d7b5dfa22e22ed02566950fbfbcdc20311993483657a5c0/click-8.3.1.tar.gz", hash = "sha256:12ff4785d337a1bb490bb7e9c2b1ee5da3112e94a8622f26a6c77f5d2fc6842a", size = 295065, upload-time = "2025-11-15T20:45:42.706Z" }
wheels = [
    { url = "https://files.pythonhosted.org/packages/98/78/01c019cdb5d6498122777c1a43056ebb3ebfeef2076d9d026bfe15583b2b/click-8.3.1-py3-none-any.whl", hash = "sha256:981153a64e25f12d547d3426c367a4857371575ee7ad18df2a6183ab0545b2a6", size = 108274, upload-time = "2025-11-15T20:45:41.139Z" },
]

[[package]]
name = "colorama"
version = "0.4.6"
source = { registry = "https://pypi.org/simple" }
sdist = { url = "https://files.pythonhosted.org/packages/d8/53/6f443c9a4a8358a93a6792e2acffb9d9d5cb0a5cfd8802644b7b1c9a02e4/colorama-0.4.6.tar.gz", hash = "sha256:08695f5cb7ed6e0531a20572697297273c47b8cae5a63ffc6d6ed5c201be6e44", size = 27697, upload-time = "2022-10-25T02:36:22.414Z" }
wheels = [
    { url = "https://files.pythonhosted.org/packages/d1/d6/3965ed04c63042e047cb6a3e6ed1a63a35087b6a609aa3a15ed8ac56c221/colorama-0.4.6-py2.py3-none-any.whl", hash = "sha256:4f1d9991f5acc0ca119f9d443620b77f9d6b33703e51011c16baf57afb285fc6", size = 25335, upload-time = "2022-10-25T02:36:20.889Z" },
]

[[package]]
name = "constructs"
version = "10.5.1"
source = { registry = "https://pypi.org/simple" }
dependencies = [
    { name = "jsii" },
    { name = "publication" },
    { name = "typeguard" },
]
sdist = { url = "https://files.pythonhosted.org/packages/df/a7/1d87d7327aaa8662f7525b064b6c0524e4b3985092840e6a568f5eb4a7d6/constructs-10.5.1.tar.gz", hash = "sha256:c0e90bb2b9c2782f292017820b91714321cb78393c8965c9362b0b624bfaf23b", size = 68165, upload-time = "2026-02-19T09:56:32.925Z" }
wheels = [
    { url = "https://files.pythonhosted.org/packages/c3/20/dff420181946bcaba48dba3f0c11db202c8441eda927f281ad78912cf777/constructs-10.5.1-py3-none-any.whl", hash = "sha256:fc5c14f6b2770c8542a43e298aa29b63dee4b18701763e8c0fdce202624c3a7c", size = 66344, upload-time = "2026-02-19T09:56:31.311Z" },
]

[[package]]
name = "importlib-resources"
version = "6.5.2"
source = { registry = "https://pypi.org/simple" }
sdist = { url = "https://files.pythonhosted.org/packages/cf/8c/f834fbf984f691b4f7ff60f50b514cc3de5cc08abfc3295564dd89c5e2e7/importlib_resources-6.5.2.tar.gz", hash = "sha256:185f87adef5bcc288449d98fb4fba07cea78bc036455dd44c5fc4a2fe78fed2c", size = 44693, upload-time = "2025-01-03T18:51:56.698Z" }
wheels = [
    { url = "https://files.pythonhosted.org/packages/a4/ed/1f1afb2e9e7f38a545d628f864d562a5ae64fe6f7a10e28ffb9b185b4e89/importlib_resources-6.5.2-py3-none-any.whl", hash = "sha256:789cfdc3ed28c78b67a06acb8126751ced69a3d5f79c095a98298cd8a760ccec", size = 37461, upload-time = "2025-01-03T18:51:54.306Z" },
]

[[package]]
name = "iniconfig"
version = "2.3.0"
source = { registry = "https://pypi.org/simple" }
sdist = { url = "https://files.pythonhosted.org/packages/72/34/14ca021ce8e5dfedc35312d08ba8bf51fdd999c576889fc2c24cb97f4f10/iniconfig-2.3.0.tar.gz", hash = "sha256:c76315c77db068650d49c5b56314774a7804df16fee4402c1f19d6d15d8c4730", size = 20503, upload-time = "2025-10-18T21:55:43.219Z" }
wheels = [
    { url = "https://files.pythonhosted.org/packages/cb/b1/3846dd7f199d53cb17f49cba7e651e9ce294d8497c8c150530ed11865bb8/iniconfig-2.3.0-py3-none-any.whl", hash = "sha256:f631c04d2c48c52b84d0d0549c99ff3859c98df65b3101406327ecc7d53fbf12", size = 7484, upload-time = "2025-10-18T21:55:41.639Z" },
]

[[package]]
name = "jmespath"
version = "1.1.0"
source = { registry = "https://pypi.org/simple" }
sdist = { url = "https://files.pythonhosted.org/packages/d3/59/322338183ecda247fb5d1763a6cbe46eff7222eaeebafd9fa65d4bf5cb11/jmespath-1.1.0.tar.gz", hash = "sha256:472c87d80f36026ae83c6ddd0f1d05d4e510134ed462851fd5f754c8c3cbb88d", size = 27377, upload-time = "2026-01-22T16:35:26.279Z" }
wheels = [
    { url = "https://files.pythonhosted.org/packages/14/2f/967ba146e6d58cf6a652da73885f52fc68001525b4197effc174321d70b4/jmespath-1.1.0-py3-none-any.whl", hash = "sha256:a5663118de4908c91729bea0acadca56526eb2698e83de10cd116ae0f4e97c64", size = 20419, upload-time = "2026-01-22T16:35:24.919Z" },
]

[[package]]
name = "jsii"
version = "1.126.0"
source = { registry = "https://pypi.org/simple" }
dependencies = [
    { name = "attrs" },
    { name = "cattrs" },
    { name = "importlib-resources" },
    { name = "publication" },
    { name = "python-dateutil" },
    { name = "typeguard" },
    { name = "typing-extensions" },
]
sdist = { url = "https://files.pythonhosted.org/packages/76/22/a3c8a8bfc6bd25b761553380d91d9b5a772a3796e78b7f6d4eecc003bced/jsii-1.126.0.tar.gz", hash = "sha256:5e4739843aab3af25472490a05a271cf7d53f01a6d46167ab0f1f2cff3a8df95", size = 626608, upload-time = "2026-01-26T10:43:16.152Z" }
wheels = [
    { url = "https://files.pythonhosted.org/packages/a2/7d/f058cfdc20e1536b09d165303b1996d24504fbe105b0aba62c865e60bdc9/jsii-1.126.0-py3-none-any.whl", hash = "sha256:0bb3d5423fd62a499f9ce83e98668b48424ac6ef39472bff90cdf4650aa41b41", size = 602728, upload-time = "2026-01-26T10:43:14.68Z" },
]

[[package]]
name = "mypy-boto3-ec2"
version = "1.42.56"
source = { registry = "https://pypi.org/simple" }
sdist = { url = "https://files.pythonhosted.org/packages/77/3c/47e05e0036acacb7b102556f95e9caf83c5363e640d6a554475857d0c1da/mypy_boto3_ec2-1.42.56.tar.gz", hash = "sha256:6a74a397d5f2a6353c46245605d6de69173ec26b640ae9d3b39328351195b194", size = 440969, upload-time = "2026-02-24T21:05:47.117Z" }
wheels = [
    { url = "https://files.pythonhosted.org/packages/59/25/89e19a076f0dfe290c6cc482da75fb64f93ea284038d3f6cc95e760c79ed/mypy_boto3_ec2-1.42.56-py3-none-any.whl", hash = "sha256:f69360cc004538d8a64c69246f5647512b60d891f082fbd087755586ea1c58a1", size = 430329, upload-time = "2026-02-24T21:05:42.834Z" },
]

[[package]]
name = "mypy-boto3-rds"
version = "1.42.51"
source = { registry = "https://pypi.org/simple" }
sdist = { url = "https://files.pythonhosted.org/packages/b1/c3/f581402e1b7a39c4220599ccf2dba2fb91db57095a0d1c975fc49501fa57/mypy_boto3_rds-1.42.51.tar.gz", hash = "sha256:d09d0cf5070eb51ac8aedacb63594d689fe8c279a1c836dfbd06a714caac8bde", size = 86300, upload-time = "2026-02-17T21:34:40.466Z" }
wheels = [
    { url = "https://files.pythonhosted.org/packages/8c/ce/5c8aab9e0853b29b766dc2b82e9a732d82b8e2217f0384830749dcc4067c/mypy_boto3_rds-1.42.51-py3-none-any.whl", hash = "sha256:a2e01011dc235e9ce250dbc6a71f106ace5a4830e37ebbd041b3321cac4905c1", size = 93033, upload-time = "2026-02-17T21:29:47.408Z" },
]

[[package]]
name = "mypy-boto3-resourcegroupstaggingapi"
version = "1.42.3"
source = { registry = "https://pypi.org/simple" }
sdist = { url = "https://files.pythonhosted.org/packages/37/bd/5e5dd315032d940a20ebe244bf729ceb317622a2e7310b2b61f664517db6/mypy_boto3_resourcegroupstaggingapi-1.42.3.tar.gz", hash = "sha256:f5442f1b1c05d2fab13361174e7795eb2219acf236f04ba45c4d2a8ba9568af5", size = 18528, upload-time = "2025-12-04T21:10:52.836Z" }
wheels = [
    { url = "https://files.pythonhosted.org/packages/7d/5c/9a95415e3945ef10d467a613a1c27b447e48d46cdb5b1b14dfd96638f2f2/mypy_boto3_resourcegroupstaggingapi-1.42.3-py3-none-any.whl", hash = "sha256:22d866b17926dfb8222c6407b80f7b64fe87b631df8ffd1a6a24b3cff337388e", size = 25332, upload-time = "2025-12-04T21:10:50.586Z" },
]

[[package]]
name = "packaging"
version = "26.0"
source = { registry = "https://pypi.org/simple" }
sdist = { url = "https://files.pythonhosted.org/packages/65/ee/299d360cdc32edc7d2cf530f3accf79c4fca01e96ffc950d8a52213bd8e4/packaging-26.0.tar.gz", hash = "sha256:00243ae351a257117b6a241061796684b084ed1c516a08c48a3f7e147a9d80b4", size = 143416, upload-time = "2026-01-21T20:50:39.064Z" }
wheels = [
    { url = "https://files.pythonhosted.org/packages/b7/b9/c538f279a4e237a006a2c98387d081e9eb060d203d8ed34467cc0f0b9b53/packaging-26.0-py3-none-any.whl", hash = "sha256:b36f1fef9334a5588b4166f8bcd26a14e521f2b55e6b9de3aaa80d3ff7a37529", size = 74366, upload-time = "2026-01-21T20:50:37.788Z" },
]

[[package]]
name = "pluggy"
version = "1.6.0"
source = { registry = "https://pypi.org/simple" }
sdist = { url = "https://files.pythonhosted.org/packages/f9/e2/3e91f31a7d2b083fe6ef3fa267035b518369d9511ffab804f839851d2779/pluggy-1.6.0.tar.gz", hash = "sha256:7dcc130b76258d33b90f61b658791dede3486c3e6bfb003ee5c9bfb396dd22f3", size = 69412, upload-time = "2025-05-15T12:30:07.975Z" }
wheels = [
    { url = "https://files.pythonhosted.org/packages/54/20/4d324d65cc6d9205fabedc306948156824eb9f0ee1633355a8f7ec5c66bf/pluggy-1.6.0-py3-none-any.whl", hash = "sha256:e920276dd6813095e9377c0bc5566d94c932c33b27a3e3945d8389c374dd4746", size = 20538, upload-time = "2025-05-15T12:30:06.134Z" },
]

[[package]]
name = "publication"
version = "0.0.3"
source = { registry = "https://pypi.org/simple" }
sdist = { url = "https://files.pythonhosted.org/packages/6b/8e/8c9fe7e32fdf9c386f83d59610cc819a25dadb874b5920f2d0ef7d35f46d/publication-0.0.3.tar.gz", hash = "sha256:68416a0de76dddcdd2930d1c8ef853a743cc96c82416c4e4d3b5d901c6276dc4", size = 5484, upload-time = "2019-01-15T07:52:23.914Z" }
wheels = [
    { url = "https://files.pythonhosted.org/packages/f8/d3/6308debad7afcdb3ea5f50b4b3d852f41eb566a311fbcb4da23755a28155/publication-0.0.3-py2.py3-none-any.whl", hash = "sha256:0248885351febc11d8a1098d5c8e3ab2dabcf3e8c0c96db1e17ecd12b53afbe6", size = 7687, upload-time = "2019-01-15T07:52:22.151Z" },
]

[[package]]
name = "pygments"
version = "2.19.2"
source = { registry = "https://pypi.org/simple" }
sdist = { url = "https://files.pythonhosted.org/packages/b0/77/a5b8c569bf593b0140bde72ea885a803b82086995367bf2037de0159d924/pygments-2.19.2.tar.gz", hash = "sha256:636cb2477cec7f8952536970bc533bc43743542f70392ae026374600add5b887", size = 4968631, upload-time = "2025-06-21T13:39:12.283Z" }
wheels = [
    { url = "https://files.pythonhosted.org/packages/c7/21/705964c7812476f378728bdf590ca4b771ec72385c533964653c68e86bdc/pygments-2.19.2-py3-none-any.whl", hash = "sha256:86540386c03d588bb81d44bc3928634ff26449851e99741617ecb9037ee5ec0b", size = 1225217, upload-time = "2025-06-21T13:39:07.939Z" },
]

[[package]]
name = "pytest"
version = "9.0.2"
source = { registry = "https://pypi.org/simple" }
dependencies = [
    { name = "colorama", marker = "sys_platform == 'win32'" },
    { name = "iniconfig" },
    { name = "packaging" },
    { name = "pluggy" },
    { name = "pygments" },
]
sdist = { url = "https://files.pythonhosted.org/packages/d1/db/7ef3487e0fb0049ddb5ce41d3a49c235bf9ad299b6a25d5780a89f19230f/pytest-9.0.2.tar.gz", hash = "sha256:75186651a92bd89611d1d9fc20f0b4345fd827c41ccd5c299a868a05d70edf11", size = 1568901, upload-time = "2025-12-06T21:30:51.014Z" }
wheels = [
    { url = "https://files.pythonhosted.org/packages/3b/ab/b3226f0bd7cdcf710fbede2b3548584366da3b19b5021e74f5bde2a8fa3f/pytest-9.0.2-py3-none-any.whl", hash = "sha256:711ffd45bf766d5264d487b917733b453d917afd2b0ad65223959f59089f875b", size = 374801, upload-time = "2025-12-06T21:30:49.154Z" },
]

[[package]]
name = "pytest-mock"
version = "3.15.1"
source = { registry = "https://pypi.org/simple" }
dependencies = [
    { name = "pytest" },
]
sdist = { url = "https://files.pythonhosted.org/packages/68/14/eb014d26be205d38ad5ad20d9a80f7d201472e08167f0bb4361e251084a9/pytest_mock-3.15.1.tar.gz", hash = "sha256:1849a238f6f396da19762269de72cb1814ab44416fa73a8686deac10b0d87a0f", size = 34036, upload-time = "2025-09-16T16:37:27.081Z" }
wheels = [
    { url = "https://files.pythonhosted.org/packages/5a/cc/06253936f4a7fa2e0f48dfe6d851d9c56df896a9ab09ac019d70b760619c/pytest_mock-3.15.1-py3-none-any.whl", hash = "sha256:0a25e2eb88fe5168d535041d09a4529a188176ae608a6d249ee65abc0949630d", size = 10095, upload-time = "2025-09-16T16:37:25.734Z" },
]

[[package]]
name = "python-dateutil"
version = "2.9.0.post0"
source = { registry = "https://pypi.org/simple" }
dependencies = [
    { name = "six" },
]
sdist = { url = "https://files.pythonhosted.org/packages/66/c0/0c8b6ad9f17a802ee498c46e004a0eb49bc148f2fd230864601a86dcf6db/python-dateutil-2.9.0.post0.tar.gz", hash = "sha256:37dd54208da7e1cd875388217d5e00ebd4179249f90fb72437e91a35459a0ad3", size = 342432, upload-time = "2024-03-01T18:36:20.211Z" }
wheels = [
    { url = "https://files.pythonhosted.org/packages/ec/57/56b9bcc3c9c6a792fcbaf139543cee77261f3651ca9da0c93f5c1221264b/python_dateutil-2.9.0.post0-py2.py3-none-any.whl", hash = "sha256:a8b2bc7bffae282281c8140a97d3aa9c14da0b136dfe83f850eea9a5f7470427", size = 229892, upload-time = "2024-03-01T18:36:18.57Z" },
]

[[package]]
name = "ruff"
version = "0.15.2"
source = { registry = "https://pypi.org/simple" }
sdist = { url = "https://files.pythonhosted.org/packages/06/04/eab13a954e763b0606f460443fcbf6bb5a0faf06890ea3754ff16523dce5/ruff-0.15.2.tar.gz", hash = "sha256:14b965afee0969e68bb871eba625343b8673375f457af4abe98553e8bbb98342", size = 4558148, upload-time = "2026-02-19T22:32:20.271Z" }
wheels = [
    { url = "https://files.pythonhosted.org/packages/2f/70/3a4dc6d09b13cb3e695f28307e5d889b2e1a66b7af9c5e257e796695b0e6/ruff-0.15.2-py3-none-linux_armv6l.whl", hash = "sha256:120691a6fdae2f16d65435648160f5b81a9625288f75544dc40637436b5d3c0d", size = 10430565, upload-time = "2026-02-19T22:32:41.824Z" },
    { url = "https://files.pythonhosted.org/packages/71/0b/bb8457b56185ece1305c666dc895832946d24055be90692381c31d57466d/ruff-0.15.2-py3-none-macosx_10_12_x86_64.whl", hash = "sha256:a89056d831256099658b6bba4037ac6dd06f49d194199215befe2bb10457ea5e", size = 10820354, upload-time = "2026-02-19T22:32:07.366Z" },
    { url = "https://files.pythonhosted.org/packages/2d/c1/e0532d7f9c9e0b14c46f61b14afd563298b8b83f337b6789ddd987e46121/ruff-0.15.2-py3-none-macosx_11_0_arm64.whl", hash = "sha256:e36dee3a64be0ebd23c86ffa3aa3fd3ac9a712ff295e192243f814a830b6bd87", size = 10170767, upload-time = "2026-02-19T22:32:13.188Z" },
    { url = "https://files.pythonhosted.org/packages/47/e8/da1aa341d3af017a21c7a62fb5ec31d4e7ad0a93ab80e3a508316efbcb23/ruff-0.15.2-py3-none-manylinux_2_17_aarch64.manylinux2014_aarch64.whl", hash = "sha256:a9fb47b6d9764677f8c0a193c0943ce9a05d6763523f132325af8a858eadc2b9", size = 10529591, upload-time = "2026-02-19T22:32:02.547Z" },
    { url = "https://files.pythonhosted.org/packages/93/74/184fbf38e9f3510231fbc5e437e808f0b48c42d1df9434b208821efcd8d6/ruff-0.15.2-py3-none-manylinux_2_17_armv7l.manylinux2014_armv7l.whl", hash = "sha256:f376990f9d0d6442ea9014b19621d8f2aaf2b8e39fdbfc79220b7f0c596c9b80", size = 10260771, upload-time = "2026-02-19T22:32:36.938Z" },
    { url = "https://files.pythonhosted.org/packages/05/ac/605c20b8e059a0bc4b42360414baa4892ff278cec1c91fff4be0dceedefd/ruff-0.15.2-py3-none-manylinux_2_17_i686.manylinux2014_i686.whl", hash = "sha256:2dcc987551952d73cbf5c88d9fdee815618d497e4df86cd4c4824cc59d5dd75f", size = 11045791, upload-time = "2026-02-19T22:32:31.642Z" },
    { url = "https://files.pythonhosted.org/packages/fd/52/db6e419908f45a894924d410ac77d64bdd98ff86901d833364251bd08e22/ruff-0.15.2-py3-none-manylinux_2_17_ppc64le.manylinux2014_ppc64le.whl", hash = "sha256:42a47fd785cbe8c01b9ff45031af875d101b040ad8f4de7bbb716487c74c9a77", size = 11879271, upload-time = "2026-02-19T22:32:29.305Z" },
    { url = "https://files.pythonhosted.org/packages/3e/d8/7992b18f2008bdc9231d0f10b16df7dda964dbf639e2b8b4c1b4e91b83af/ruff-0.15.2-py3-none-manylinux_2_17_s390x.manylinux2014_s390x.whl", hash = "sha256:cbe9f49354866e575b4c6943856989f966421870e85cd2ac94dccb0a9dcb2fea", size = 11303707, upload-time = "2026-02-19T22:32:22.492Z" },
    { url = "https://files.pythonhosted.org/packages/d7/02/849b46184bcfdd4b64cde61752cc9a146c54759ed036edd11857e9b8443b/ruff-0.15.2-py3-none-manylinux_2_17_x86_64.manylinux2014_x86_64.whl", hash = "sha256:b7a672c82b5f9887576087d97be5ce439f04bbaf548ee987b92d3a7dede41d3a", size = 11149151, upload-time = "2026-02-19T22:32:44.234Z" },
    { url = "https://files.pythonhosted.org/packages/70/04/f5284e388bab60d1d3b99614a5a9aeb03e0f333847e2429bebd2aaa1feec/ruff-0.15.2-py3-none-manylinux_2_31_riscv64.whl", hash = "sha256:72ecc64f46f7019e2bcc3cdc05d4a7da958b629a5ab7033195e11a438403d956", size = 11091132, upload-time = "2026-02-19T22:32:24.691Z" },
    { url = "https://files.pythonhosted.org/packages/fa/ae/88d844a21110e14d92cf73d57363fab59b727ebeabe78009b9ccb23500af/ruff-0.15.2-py3-none-musllinux_1_2_aarch64.whl", hash = "sha256:8dcf243b15b561c655c1ef2f2b0050e5d50db37fe90115507f6ff37d865dc8b4", size = 10504717, upload-time = "2026-02-19T22:32:26.75Z" },
    { url = "https://files.pythonhosted.org/packages/64/27/867076a6ada7f2b9c8292884ab44d08fd2ba71bd2b5364d4136f3cd537e1/ruff-0.15.2-py3-none-musllinux_1_2_armv7l.whl", hash = "sha256:dab6941c862c05739774677c6273166d2510d254dac0695c0e3f5efa1b5585de", size = 10263122, upload-time = "2026-02-19T22:32:10.036Z" },
    { url = "https://files.pythonhosted.org/packages/e7/ef/faf9321d550f8ebf0c6373696e70d1758e20ccdc3951ad7af00c0956be7c/ruff-0.15.2-py3-none-musllinux_1_2_i686.whl", hash = "sha256:1b9164f57fc36058e9a6806eb92af185b0697c9fe4c7c52caa431c6554521e5c", size = 10735295, upload-time = "2026-02-19T22:32:39.227Z" },
    { url = "https://files.pythonhosted.org/packages/2f/55/e8089fec62e050ba84d71b70e7834b97709ca9b7aba10c1a0b196e493f97/ruff-0.15.2-py3-none-musllinux_1_2_x86_64.whl", hash = "sha256:80d24fcae24d42659db7e335b9e1531697a7102c19185b8dc4a028b952865fd8", size = 11241641, upload-time = "2026-02-19T22:32:34.617Z" },
    { url = "https://files.pythonhosted.org/packages/23/01/1c30526460f4d23222d0fabd5888868262fd0e2b71a00570ca26483cd993/ruff-0.15.2-py3-none-win32.whl", hash = "sha256:fd5ff9e5f519a7e1bd99cbe8daa324010a74f5e2ebc97c6242c08f26f3714f6f", size = 10507885, upload-time = "2026-02-19T22:32:15.635Z" },
    { url = "https://files.pythonhosted.org/packages/5c/10/3d18e3bbdf8fc50bbb4ac3cc45970aa5a9753c5cb51bf9ed9a3cd8b79fa3/ruff-0.15.2-py3-none-win_amd64.whl", hash = "sha256:d20014e3dfa400f3ff84830dfb5755ece2de45ab62ecea4af6b7262d0fb4f7c5", size = 11623725, upload-time = "2026-02-19T22:32:04.947Z" },
    { url = "https://files.pythonhosted.org/packages/6d/78/097c0798b1dab9f8affe73da9642bb4500e098cb27fd8dc9724816ac747b/ruff-0.15.2-py3-none-win_arm64.whl", hash = "sha256:cabddc5822acdc8f7b5527b36ceac55cc51eec7b1946e60181de8fe83ca8876e", size = 10941649, upload-time = "2026-02-19T22:32:18.108Z" },
]

[[package]]
name = "s3transfer"
version = "0.16.0"
source = { registry = "https://pypi.org/simple" }
dependencies = [
    { name = "botocore" },
]
sdist = { url = "https://files.pythonhosted.org/packages/05/04/74127fc843314818edfa81b5540e26dd537353b123a4edc563109d8f17dd/s3transfer-0.16.0.tar.gz", hash = "sha256:8e990f13268025792229cd52fa10cb7163744bf56e719e0b9cb925ab79abf920", size = 153827, upload-time = "2025-12-01T02:30:59.114Z" }
wheels = [
    { url = "https://files.pythonhosted.org/packages/fc/51/727abb13f44c1fcf6d145979e1535a35794db0f6e450a0cb46aa24732fe2/s3transfer-0.16.0-py3-none-any.whl", hash = "sha256:18e25d66fed509e3868dc1572b3f427ff947dd2c56f844a5bf09481ad3f3b2fe", size = 86830, upload-time = "2025-12-01T02:30:57.729Z" },
]

[[package]]
name = "six"
version = "1.17.0"
source = { registry = "https://pypi.org/simple" }
sdist = { url = "https://files.pythonhosted.org/packages/94/e7/b2c673351809dca68a0e064b6af791aa332cf192da575fd474ed7d6f16a2/six-1.17.0.tar.gz", hash = "sha256:ff70335d468e7eb6ec65b95b99d3a2836546063f63acc5171de367e834932a81", size = 34031, upload-time = "2024-12-04T17:35:28.174Z" }
wheels = [
    { url = "https://files.pythonhosted.org/packages/b7/ce/149a00dd41f10bc29e5921b496af8b574d8413afcd5e30dfa0ed46c2cc5e/six-1.17.0-py2.py3-none-any.whl", hash = "sha256:4721f391ed90541fddacab5acf947aa0d3dc7d27b2e1e8eda2be8970586c3274", size = 11050, upload-time = "2024-12-04T17:35:26.475Z" },
]

[[package]]
name = "trunnel-cli"
version = "0.1.0"
source = { editable = "packages/trunnel-cli" }
dependencies = [
    { name = "boto3" },
    { name = "click" },
]

[package.optional-dependencies]
types = [
    { name = "boto3-stubs", extra = ["ec2", "rds", "resourcegroupstaggingapi"] },
]

[package.metadata]
requires-dist = [
    { name = "boto3", specifier = ">=1.34.0" },
    { name = "boto3-stubs", extras = ["ec2", "rds", "resourcegroupstaggingapi"], marker = "extra == 'types'", specifier = ">=1.34.0" },
    { name = "click", specifier = ">=8.1.0" },
]
provides-extras = ["types"]

[[package]]
name = "trunnel-infra"
version = "0.1.0"
source = { editable = "packages/trunnel-infra" }
dependencies = [
    { name = "aws-cdk-lib" },
    { name = "constructs" },
]

[package.metadata]
requires-dist = [
    { name = "aws-cdk-lib", specifier = ">=2.120.0" },
    { name = "constructs", specifier = ">=10.3.0" },
]

[[package]]
name = "ty"
version = "0.0.18"
source = { registry = "https://pypi.org/simple" }
sdist = { url = "https://files.pythonhosted.org/packages/74/15/9682700d8d60fdca7afa4febc83a2354b29cdcd56e66e19c92b521db3b39/ty-0.0.18.tar.gz", hash = "sha256:04ab7c3db5dcbcdac6ce62e48940d3a0124f377c05499d3f3e004e264ae94b83", size = 5214774, upload-time = "2026-02-20T21:51:31.173Z" }
wheels = [
    { url = "https://files.pythonhosted.org/packages/ae/d8/920460d4c22ea68fcdeb0b2fb53ea2aeb9c6d7875bde9278d84f2ac767b6/ty-0.0.18-py3-none-linux_armv6l.whl", hash = "sha256:4e5e91b0a79857316ef893c5068afc4b9872f9d257627d9bc8ac4d2715750d88", size = 10280825, upload-time = "2026-02-20T21:51:25.03Z" },
    { url = "https://files.pythonhosted.org/packages/83/56/62587de582d3d20d78fcdddd0594a73822ac5a399a12ef512085eb7a4de6/ty-0.0.18-py3-none-macosx_10_12_x86_64.whl", hash = "sha256:ee0e578b3f8416e2d5416da9553b78fd33857868aa1384cb7fefeceee5ff102d", size = 10118324, upload-time = "2026-02-20T21:51:22.27Z" },
    { url = "https://files.pythonhosted.org/packages/2f/2d/dbdace8d432a0755a7417f659bfd5b8a4261938ecbdfd7b42f4c454f5aa9/ty-0.0.18-py3-none-macosx_11_0_arm64.whl", hash = "sha256:3f7a0487d36b939546a91d141f7fc3dbea32fab4982f618d5b04dc9d5b6da21e", size = 9605861, upload-time = "2026-02-20T21:51:16.066Z" },
    { url = "https://files.pythonhosted.org/packages/6b/d9/de11c0280f778d5fc571393aada7fe9b8bc1dd6a738f2e2c45702b8b3150/ty-0.0.18-py3-none-manylinux_2_17_aarch64.manylinux2014_aarch64.whl", hash = "sha256:d5e2fa8d45f57ca487a470e4bf66319c09b561150e98ae2a6b1a97ef04c1a4eb", size = 10092701, upload-time = "2026-02-20T21:51:26.862Z" },
    { url = "https://files.pythonhosted.org/packages/0f/94/068d4d591d791041732171e7b63c37a54494b2e7d28e88d2167eaa9ad875/ty-0.0.18-py3-none-manylinux_2_17_armv7l.manylinux2014_armv7l.whl", hash = "sha256:d75652e9e937f7044b1aca16091193e7ef11dac1c7ec952b7fb8292b7ba1f5f2", size = 10109203, upload-time = "2026-02-20T21:51:11.59Z" },
    { url = "https://files.pythonhosted.org/packages/34/e4/526a4aa56dc0ca2569aaa16880a1ab105c3b416dd70e87e25a05688999f3/ty-0.0.18-py3-none-manylinux_2_17_i686.manylinux2014_i686.whl", hash = "sha256:563c868edceb8f6ddd5e91113c17d3676b028f0ed380bdb3829b06d9beb90e58", size = 10614200, upload-time = "2026-02-20T21:51:20.298Z" },
    { url = "https://files.pythonhosted.org/packages/fd/3d/b68ab20a34122a395880922587fbfc3adf090d22e0fb546d4d20fe8c2621/ty-0.0.18-py3-none-manylinux_2_17_ppc64le.manylinux2014_ppc64le.whl", hash = "sha256:502e2a1f948bec563a0454fc25b074bf5cf041744adba8794d024277e151d3b0", size = 11153232, upload-time = "2026-02-20T21:51:14.121Z" },
    { url = "https://files.pythonhosted.org/packages/68/ea/678243c042343fcda7e6af36036c18676c355878dcdcd517639586d2cf9e/ty-0.0.18-py3-none-manylinux_2_17_s390x.manylinux2014_s390x.whl", hash = "sha256:cc881dea97021a3aa29134a476937fd8054775c4177d01b94db27fcfb7aab65b", size = 10832934, upload-time = "2026-02-20T21:51:32.92Z" },
    { url = "https://files.pythonhosted.org/packages/d8/bd/7f8d647cef8b7b346c0163230a37e903c7461c7248574840b977045c77df/ty-0.0.18-py3-none-manylinux_2_17_x86_64.manylinux2014_x86_64.whl", hash = "sha256:421fcc3bc64cab56f48edb863c7c1c43649ec4d78ff71a1acb5366ad723b6021", size = 10700888, upload-time = "2026-02-20T21:51:09.673Z" },
    { url = "https://files.pythonhosted.org/packages/6e/06/cb3620dc48c5d335ba7876edfef636b2f4498eff4a262ff90033b9e88408/ty-0.0.18-py3-none-musllinux_1_2_aarch64.whl", hash = "sha256:0fe5038a7136a0e638a2fb1ad06e3d3c4045314c6ba165c9c303b9aeb4623d6c", size = 10078965, upload-time = "2026-02-20T21:51:07.678Z" },
    { url = "https://files.pythonhosted.org/packages/60/27/c77a5a84533fa3b685d592de7b4b108eb1f38851c40fac4e79cc56ec7350/ty-0.0.18-py3-none-musllinux_1_2_armv7l.whl", hash = "sha256:d123600a52372677613a719bbb780adeb9b68f47fb5f25acb09171de390e0035", size = 10134659, upload-time = "2026-02-20T21:51:18.311Z" },
    { url = "https://files.pythonhosted.org/packages/43/6e/60af6b88c73469e628ba5253a296da6984e0aa746206f3034c31f1a04ed1/ty-0.0.18-py3-none-musllinux_1_2_i686.whl", hash = "sha256:bb4bc11d32a1bf96a829bf6b9696545a30a196ac77bbc07cc8d3dfee35e03723", size = 10297494, upload-time = "2026-02-20T21:51:39.631Z" },
    { url = "https://files.pythonhosted.org/packages/33/90/612dc0b68224c723faed6adac2bd3f930a750685db76dfe17e6b9e534a83/ty-0.0.18-py3-none-musllinux_1_2_x86_64.whl", hash = "sha256:dda2efbf374ba4cd704053d04e32f2f784e85c2ddc2400006b0f96f5f7e4b667", size = 10791944, upload-time = "2026-02-20T21:51:37.13Z" },
    { url = "https://files.pythonhosted.org/packages/0d/da/f4ada0fd08a9e4138fe3fd2bcd3797753593f423f19b1634a814b9b2a401/ty-0.0.18-py3-none-win32.whl", hash = "sha256:c5768607c94977dacddc2f459ace6a11a408a0f57888dd59abb62d28d4fee4f7", size = 9677964, upload-time = "2026-02-20T21:51:42.039Z" },
    { url = "https://files.pythonhosted.org/packages/5e/fa/090ed9746e5c59fc26d8f5f96dc8441825171f1f47752f1778dad690b08b/ty-0.0.18-py3-none-win_amd64.whl", hash = "sha256:b78d0fa1103d36fc2fce92f2092adace52a74654ab7884d54cdaec8eb5016a4d", size = 10636576, upload-time = "2026-02-20T21:51:29.159Z" },
    { url = "https://files.pythonhosted.org/packages/92/4f/5dd60904c8105cda4d0be34d3a446c180933c76b84ae0742e58f02133713/ty-0.0.18-py3-none-win_arm64.whl", hash = "sha256:01770c3c82137c6b216aa3251478f0b197e181054ee92243772de553d3586398", size = 10095449, upload-time = "2026-02-20T21:51:34.914Z" },
]

[[package]]
name = "typeguard"
version = "2.13.3"
source = { registry = "https://pypi.org/simple" }
sdist = { url = "https://files.pythonhosted.org/packages/3a/38/c61bfcf62a7b572b5e9363a802ff92559cb427ee963048e1442e3aef7490/typeguard-2.13.3.tar.gz", hash = "sha256:00edaa8da3a133674796cf5ea87d9f4b4c367d77476e185e80251cc13dfbb8c4", size = 40604, upload-time = "2021-12-10T21:09:39.158Z" }
wheels = [
    { url = "https://files.pythonhosted.org/packages/9a/bb/d43e5c75054e53efce310e79d63df0ac3f25e34c926be5dffb7d283fb2a8/typeguard-2.13.3-py3-none-any.whl", hash = "sha256:5e3e3be01e887e7eafae5af63d1f36c849aaa94e3a0112097312aabfa16284f1", size = 17605, upload-time = "2021-12-10T21:09:37.844Z" },
]

[[package]]
name = "types-awscrt"
version = "0.31.2"
source = { registry = "https://pypi.org/simple" }
sdist = { url = "https://files.pythonhosted.org/packages/18/24/5497a611f32cbaf4b9e1af35f56463e8f02e198ec513b68cb59a63f5a446/types_awscrt-0.31.2.tar.gz", hash = "sha256:dc79705acd24094656b8105b8d799d7e273c8eac37c69137df580cd84beb54f6", size = 18190, upload-time = "2026-02-16T02:33:53.135Z" }
wheels = [
    { url = "https://files.pythonhosted.org/packages/ab/3d/21a2212b5fcef9e8e9f368403885dc567b7d31e50b2ce393efad3cd83572/types_awscrt-0.31.2-py3-none-any.whl", hash = "sha256:3d6a29c1cca894b191be408f4d985a8e3a14d919785652dd3fa4ee558143e4bf", size = 43340, upload-time = "2026-02-16T02:33:52.109Z" },
]

[[package]]
name = "types-s3transfer"
version = "0.16.0"
source = { registry = "https://pypi.org/simple" }
sdist = { url = "https://files.pythonhosted.org/packages/fe/64/42689150509eb3e6e82b33ee3d89045de1592488842ddf23c56957786d05/types_s3transfer-0.16.0.tar.gz", hash = "sha256:b4636472024c5e2b62278c5b759661efeb52a81851cde5f092f24100b1ecb443", size = 13557, upload-time = "2025-12-08T08:13:09.928Z" }
wheels = [
    { url = "https://files.pythonhosted.org/packages/98/27/e88220fe6274eccd3bdf95d9382918716d312f6f6cef6a46332d1ee2feff/types_s3transfer-0.16.0-py3-none-any.whl", hash = "sha256:1c0cd111ecf6e21437cb410f5cddb631bfb2263b77ad973e79b9c6d0cb24e0ef", size = 19247, upload-time = "2025-12-08T08:13:08.426Z" },
]

[[package]]
name = "typing-extensions"
version = "4.15.0"
source = { registry = "https://pypi.org/simple" }
sdist = { url = "https://files.pythonhosted.org/packages/72/94/1a15dd82efb362ac84269196e94cf00f187f7ed21c242792a923cdb1c61f/typing_extensions-4.15.0.tar.gz", hash = "sha256:0cea48d173cc12fa28ecabc3b837ea3cf6f38c6d1136f85cbaaf598984861466", size = 109391, upload-time = "2025-08-25T13:49:26.313Z" }
wheels = [
    { url = "https://files.pythonhosted.org/packages/18/67/36e9267722cc04a6b9f15c7f3441c2363321a3ea07da7ae0c0707beb2a9c/typing_extensions-4.15.0-py3-none-any.whl", hash = "sha256:f0fa19c6845758ab08074a0cfa8b7aecb71c999ca73d62883bc25cc018c4e548", size = 44614, upload-time = "2025-08-25T13:49:24.86Z" },
]

[[package]]
name = "urllib3"
version = "2.6.3"
source = { registry = "https://pypi.org/simple" }
sdist = { url = "https://files.pythonhosted.org/packages/c7/24/5f1b3bdffd70275f6661c76461e25f024d5a38a46f04aaca912426a2b1d3/urllib3-2.6.3.tar.gz", hash = "sha256:1b62b6884944a57dbe321509ab94fd4d3b307075e0c2eae991ac71ee15ad38ed", size = 435556, upload-time = "2026-01-07T16:24:43.925Z" }
wheels = [
    { url = "https://files.pythonhosted.org/packages/39/08/aaaad47bc4e9dc8c725e68f9d04865dbcb2052843ff09c97b08904852d84/urllib3-2.6.3-py3-none-any.whl", hash = "sha256:bf272323e553dfb2e87d9bfd225ca7b0f467b919d7bbd355436d3fd37cb0acd4", size = 131584, upload-time = "2026-01-07T16:24:42.685Z" },
]
